
Microsoft Visual Studio Solution File, Format Version 12.00
# Visual Studio 2012
Project("{FAE04EC0-301F-11D3-BF4B-00C04F79EFBC}") = "LaumaniOS", "tabbedApp\LaumaniOS.csproj", "{E82EBF91-A8BB-4DF2-8EE5-DAC776310531}"
EndProject
Project("{FAE04EC0-301F-11D3-BF4B-00C04F79EFBC}") = "FlyoutNavigation", "..\..\..\..\Downloads\FlyoutNavigation-master\FlyoutNavigation\FlyoutNavigation.csproj", "{E98F7600-6C2E-4586-A78C-D42BA89445B9}"
EndProject
Project("{FAE04EC0-301F-11D3-BF4B-00C04F79EFBC}") = "Lauman.Droid", "Lauman.Droid\Lauman.Droid.csproj", "{432D54C8-9DCC-4EBD-9622-E80FFC3C9555}"
EndProject
Project("{FAE04EC0-301F-11D3-BF4B-00C04F79EFBC}") = "CellCustomTable", "..\..\..\..\Downloads\CellCustomTable\CellCustomTable.csproj", "{15D8E98D-D803-4CCC-906F-0960D31DD333}"
EndProject
Global
	GlobalSection(SolutionConfigurationPlatforms) = preSolution
		Debug|iPhoneSimulator = Debug|iPhoneSimulator
		Release|iPhoneSimulator = Release|iPhoneSimulator
		Debug|iPhone = Debug|iPhone
		Release|iPhone = Release|iPhone
		Ad-Hoc|iPhone = Ad-Hoc|iPhone
		AppStore|iPhone = AppStore|iPhone
	EndGlobalSection
	GlobalSection(ProjectConfigurationPlatforms) = postSolution
		{15D8E98D-D803-4CCC-906F-0960D31DD333}.Ad-Hoc|iPhone.ActiveCfg = Release|iPhone
		{15D8E98D-D803-4CCC-906F-0960D31DD333}.Ad-Hoc|iPhone.Build.0 = Release|iPhone
		{15D8E98D-D803-4CCC-906F-0960D31DD333}.AppStore|iPhone.ActiveCfg = Release|iPhone
		{15D8E98D-D803-4CCC-906F-0960D31DD333}.AppStore|iPhone.Build.0 = Release|iPhone
		{15D8E98D-D803-4CCC-906F-0960D31DD333}.Debug|iPhone.ActiveCfg = Debug|iPhone
		{15D8E98D-D803-4CCC-906F-0960D31DD333}.Debug|iPhone.Build.0 = Debug|iPhone
		{15D8E98D-D803-4CCC-906F-0960D31DD333}.Debug|iPhoneSimulator.ActiveCfg = Debug|iPhoneSimulator
		{15D8E98D-D803-4CCC-906F-0960D31DD333}.Debug|iPhoneSimulator.Build.0 = Debug|iPhoneSimulator
		{15D8E98D-D803-4CCC-906F-0960D31DD333}.Release|iPhone.ActiveCfg = Release|iPhone
		{15D8E98D-D803-4CCC-906F-0960D31DD333}.Release|iPhone.Build.0 = Release|iPhone
		{15D8E98D-D803-4CCC-906F-0960D31DD333}.Release|iPhoneSimulator.ActiveCfg = Release|iPhoneSimulator
		{15D8E98D-D803-4CCC-906F-0960D31DD333}.Release|iPhoneSimulator.Build.0 = Release|iPhoneSimulator
		{432D54C8-9DCC-4EBD-9622-E80FFC3C9555}.Ad-Hoc|iPhone.ActiveCfg = Release|Any CPU
		{432D54C8-9DCC-4EBD-9622-E80FFC3C9555}.Ad-Hoc|iPhone.Build.0 = Release|Any CPU
		{432D54C8-9DCC-4EBD-9622-E80FFC3C9555}.AppStore|iPhone.ActiveCfg = Release|Any CPU
		{432D54C8-9DCC-4EBD-9622-E80FFC3C9555}.AppStore|iPhone.Build.0 = Release|Any CPU
		{432D54C8-9DCC-4EBD-9622-E80FFC3C9555}.Debug|iPhone.ActiveCfg = Debug|Any CPU
		{432D54C8-9DCC-4EBD-9622-E80FFC3C9555}.Debug|iPhone.Build.0 = Debug|Any CPU
		{432D54C8-9DCC-4EBD-9622-E80FFC3C9555}.Debug|iPhoneSimulator.ActiveCfg = Debug|Any CPU
		{432D54C8-9DCC-4EBD-9622-E80FFC3C9555}.Debug|iPhoneSimulator.Build.0 = Debug|Any CPU
		{432D54C8-9DCC-4EBD-9622-E80FFC3C9555}.Release|iPhone.ActiveCfg = Release|Any CPU
		{432D54C8-9DCC-4EBD-9622-E80FFC3C9555}.Release|iPhone.Build.0 = Release|Any CPU
		{432D54C8-9DCC-4EBD-9622-E80FFC3C9555}.Release|iPhoneSimulator.ActiveCfg = Release|Any CPU
		{432D54C8-9DCC-4EBD-9622-E80FFC3C9555}.Release|iPhoneSimulator.Build.0 = Release|Any CPU
		{E82EBF91-A8BB-4DF2-8EE5-DAC776310531}.Ad-Hoc|iPhone.ActiveCfg = Ad-Hoc|iPhone
		{E82EBF91-A8BB-4DF2-8EE5-DAC776310531}.Ad-Hoc|iPhone.Build.0 = Ad-Hoc|iPhone
		{E82EBF91-A8BB-4DF2-8EE5-DAC776310531}.AppStore|iPhone.ActiveCfg = AppStore|iPhone
		{E82EBF91-A8BB-4DF2-8EE5-DAC776310531}.AppStore|iPhone.Build.0 = AppStore|iPhone
		{E82EBF91-A8BB-4DF2-8EE5-DAC776310531}.Debug|iPhone.ActiveCfg = Debug|iPhone
		{E82EBF91-A8BB-4DF2-8EE5-DAC776310531}.Debug|iPhone.Build.0 = Debug|iPhone
		{E82EBF91-A8BB-4DF2-8EE5-DAC776310531}.Debug|iPhoneSimulator.ActiveCfg = Debug|iPhoneSimulator
		{E82EBF91-A8BB-4DF2-8EE5-DAC776310531}.Debug|iPhoneSimulator.Build.0 = Debug|iPhoneSimulator
		{E82EBF91-A8BB-4DF2-8EE5-DAC776310531}.Release|iPhone.ActiveCfg = Release|iPhone
		{E82EBF91-A8BB-4DF2-8EE5-DAC776310531}.Release|iPhone.Build.0 = Release|iPhone
		{E82EBF91-A8BB-4DF2-8EE5-DAC776310531}.Release|iPhoneSimulator.ActiveCfg = Release|iPhoneSimulator
		{E82EBF91-A8BB-4DF2-8EE5-DAC776310531}.Release|iPhoneSimulator.Build.0 = Release|iPhoneSimulator
		{E98F7600-6C2E-4586-A78C-D42BA89445B9}.Ad-Hoc|iPhone.ActiveCfg = Release|Any CPU
		{E98F7600-6C2E-4586-A78C-D42BA89445B9}.Ad-Hoc|iPhone.Build.0 = Release|Any CPU
		{E98F7600-6C2E-4586-A78C-D42BA89445B9}.AppStore|iPhone.ActiveCfg = Release|Any CPU
		{E98F7600-6C2E-4586-A78C-D42BA89445B9}.AppStore|iPhone.Build.0 = Release|Any CPU
		{E98F7600-6C2E-4586-A78C-D42BA89445B9}.Debug|iPhone.ActiveCfg = Debug|Any CPU
		{E98F7600-6C2E-4586-A78C-D42BA89445B9}.Debug|iPhone.Build.0 = Debug|Any CPU
		{E98F7600-6C2E-4586-A78C-D42BA89445B9}.Debug|iPhoneSimulator.ActiveCfg = Debug|Any CPU
		{E98F7600-6C2E-4586-A78C-D42BA89445B9}.Debug|iPhoneSimulator.Build.0 = Debug|Any CPU
		{E98F7600-6C2E-4586-A78C-D42BA89445B9}.Release|iPhone.ActiveCfg = Release|Any CPU
		{E98F7600-6C2E-4586-A78C-D42BA89445B9}.Release|iPhone.Build.0 = Release|Any CPU
		{E98F7600-6C2E-4586-A78C-D42BA89445B9}.Release|iPhoneSimulator.ActiveCfg = Release|Any CPU
		{E98F7600-6C2E-4586-A78C-D42BA89445B9}.Release|iPhoneSimulator.Build.0 = Release|Any CPU
	EndGlobalSection
	GlobalSection(MonoDevelopProperties) = preSolution
		StartupItem = tabbedApp\LaumaniOS.csproj
		version = 1.1
	EndGlobalSection
EndGlobal
